<Solution>
    <!-- TODO replace with a package import when Numos is released -->
    <Project Path="src/Numos.Collections/Numos.Collections.csproj" />
    <Project Path="src/Numos.Maths/Numos.Maths.csproj" />
    
    <Project Path="src/Nod3r.API/Nod3r.API.csproj" />
    <Project Path="src/Nod3r.Collections/Nod3r.Collections.csproj" />
    <Project Path="src/Nod3r.Examples/Nod3r.Examples.csproj" />
    <Project Path="src/Nod3r.Solver/Nod3r.Solver.csproj" />
    
    <Folder Name="/Benchmarks/">
        <Project Path="bench/Nod3r.Benchmarks/Nod3r.Benchmarks.csproj" />
        <Project Path="bench/Nod3r.Examples.Benchmarks/Nod3r.Examples.Benchmarks.csproj" />
    </Folder>
    
    <Folder Name="/Tests/">
        <Project Path="tests/Nod3r.API.Tests/Nod3r.API.Tests.csproj" />
        <Project Path="tests/Nod3r.Common.Tests/Nod3r.Common.Tests.csproj" />
        <Project Path="tests/Nod3r.Examples.Tests/Nod3r.Examples.Tests.csproj" />
        <Project Path="tests/Nod3r.Solver.Tests/Nod3r.Solver.Tests.csproj" />
        <Project Path="tests/Nod3r.Solver.IntegrationTests/Nod3r.Solver.IntegrationTests.csproj" />
    </Folder>
    
</Solution>
